{
  "name": "mba",
  "version": "1.0.0",
  "lockfileVersion": 2,
  "requires": true,
  "packages": {
    "": {
      "name": "mba",
      "version": "1.0.0",
      "license": "ISC",
      "dependencies": {
        "moment": "^2.29.1"
      }
    },
    "node_modules/moment": {
      "version": "2.29.1",
      "resolved": "https://rg.cnpmjs.org/moment/download/moment-2.29.1.tgz",
      "integrity": "sha1-sr52n6MZQL6e7qZGnAdeNQBvo9M=",
      "engines": {
        "node": "*"
      }
    }
  },
  "dependencies": {
    "moment": {
      "version": "2.29.1",
      "resolved": "https://rg.cnpmjs.org/moment/download/moment-2.29.1.tgz",
      "integrity": "sha1-sr52n6MZQL6e7qZGnAdeNQBvo9M="
    }
  }
}
